
Microsoft Visual Studio Solution File, Format Version 12.00
# Visual Studio Version 17
VisualStudioVersion = 17.2.32602.215
MinimumVisualStudioVersion = 10.0.40219.1
Project("{FAE04EC0-301F-11D3-BF4B-00C04F79EFBC}") = "BiggerIsGreater_Solution", "BiggerIsGreater\BiggerIsGreater_Solution\BiggerIsGreater_Solution.csproj", "{2BB72026-3ABD-436A-9C52-F52BF8107EFF}"
EndProject
Project("{FAE04EC0-301F-11D3-BF4B-00C04F79EFBC}") = "BiggerIsGreater_Tests", "BiggerIsGreater\BiggerIsGreater_Tests\BiggerIsGreater_Tests.csproj", "{5DDDA517-B1A4-4BD2-8676-F7F030639BEC}"
EndProject
Project("{FAE04EC0-301F-11D3-BF4B-00C04F79EFBC}") = "RadioTransmitters_Solution", "RadioTransmitters\RadioTransmitters_Solution\RadioTransmitters_Solution.csproj", "{2E5F4F62-D279-47ED-B478-FA7BBB8F732E}"
EndProject
Project("{FAE04EC0-301F-11D3-BF4B-00C04F79EFBC}") = "RadioTransmitters_Tests", "RadioTransmitters\RadioTransmitters_Tests\RadioTransmitters_Tests.csproj", "{7A400393-F223-47C1-B001-E0DEDBE48517}"
EndProject
Global
	GlobalSection(SolutionConfigurationPlatforms) = preSolution
		Debug|Any CPU = Debug|Any CPU
		Release|Any CPU = Release|Any CPU
	EndGlobalSection
	GlobalSection(ProjectConfigurationPlatforms) = postSolution
		{2BB72026-3ABD-436A-9C52-F52BF8107EFF}.Debug|Any CPU.ActiveCfg = Debug|Any CPU
		{2BB72026-3ABD-436A-9C52-F52BF8107EFF}.Debug|Any CPU.Build.0 = Debug|Any CPU
		{2BB72026-3ABD-436A-9C52-F52BF8107EFF}.Release|Any CPU.ActiveCfg = Release|Any CPU
		{2BB72026-3ABD-436A-9C52-F52BF8107EFF}.Release|Any CPU.Build.0 = Release|Any CPU
		{5DDDA517-B1A4-4BD2-8676-F7F030639BEC}.Debug|Any CPU.ActiveCfg = Debug|Any CPU
		{5DDDA517-B1A4-4BD2-8676-F7F030639BEC}.Debug|Any CPU.Build.0 = Debug|Any CPU
		{5DDDA517-B1A4-4BD2-8676-F7F030639BEC}.Release|Any CPU.ActiveCfg = Release|Any CPU
		{5DDDA517-B1A4-4BD2-8676-F7F030639BEC}.Release|Any CPU.Build.0 = Release|Any CPU
		{2E5F4F62-D279-47ED-B478-FA7BBB8F732E}.Debug|Any CPU.ActiveCfg = Debug|Any CPU
		{2E5F4F62-D279-47ED-B478-FA7BBB8F732E}.Debug|Any CPU.Build.0 = Debug|Any CPU
		{2E5F4F62-D279-47ED-B478-FA7BBB8F732E}.Release|Any CPU.ActiveCfg = Release|Any CPU
		{2E5F4F62-D279-47ED-B478-FA7BBB8F732E}.Release|Any CPU.Build.0 = Release|Any CPU
		{7A400393-F223-47C1-B001-E0DEDBE48517}.Debug|Any CPU.ActiveCfg = Debug|Any CPU
		{7A400393-F223-47C1-B001-E0DEDBE48517}.Debug|Any CPU.Build.0 = Debug|Any CPU
		{7A400393-F223-47C1-B001-E0DEDBE48517}.Release|Any CPU.ActiveCfg = Release|Any CPU
		{7A400393-F223-47C1-B001-E0DEDBE48517}.Release|Any CPU.Build.0 = Release|Any CPU
	EndGlobalSection
	GlobalSection(SolutionProperties) = preSolution
		HideSolutionNode = FALSE
	EndGlobalSection
	GlobalSection(ExtensibilityGlobals) = postSolution
		SolutionGuid = {4AFF7EE7-FBDD-4CB6-9171-B0750859D41C}
	EndGlobalSection
EndGlobal
